// !$*UTF8*$!
{
	archiveVersion = 1;
	classes = {
	};
	objectVersion = 56;
	objects = {

/* Begin PBXBuildFile section */
		423D50C128F7637900A57E41 /* ExchagesApp.swift in Sources */ = {isa = PBXBuildFile; fileRef = 423D50C028F7637900A57E41 /* ExchagesApp.swift */; };
		423D50C328F7637900A57E41 /* ContentView.swift in Sources */ = {isa = PBXBuildFile; fileRef = 423D50C228F7637900A57E41 /* ContentView.swift */; };
		423D50C828F7637B00A57E41 /* Preview Assets.xcassets in Resources */ = {isa = PBXBuildFile; fileRef = 423D50C728F7637B00A57E41 /* Preview Assets.xcassets */; };
		423D50D028F763A800A57E41 /* Color.swift in Sources */ = {isa = PBXBuildFile; fileRef = 423D50CF28F763A800A57E41 /* Color.swift */; };
		423D50D228F763DB00A57E41 /* Assets.xcassets in Resources */ = {isa = PBXBuildFile; fileRef = 423D50D128F763DB00A57E41 /* Assets.xcassets */; };
		423D50D828F8AE3600A57E41 /* HomeView.swift in Sources */ = {isa = PBXBuildFile; fileRef = 423D50D728F8AE3600A57E41 /* HomeView.swift */; };
		423D50DE28F8B60D00A57E41 /* CircleButtonAnimation.swift in Sources */ = {isa = PBXBuildFile; fileRef = 423D50DD28F8B60D00A57E41 /* CircleButtonAnimation.swift */; };
		423D50E028F8B74C00A57E41 /* CircleButton.swift in Sources */ = {isa = PBXBuildFile; fileRef = 423D50DF28F8B74C00A57E41 /* CircleButton.swift */; };
		423D50E328FCA61A00A57E41 /* CoinModel.swift in Sources */ = {isa = PBXBuildFile; fileRef = 423D50E228FCA61A00A57E41 /* CoinModel.swift */; };
		423D50E528FCAEE600A57E41 /* CoinRowView.swift in Sources */ = {isa = PBXBuildFile; fileRef = 423D50E428FCAEE600A57E41 /* CoinRowView.swift */; };
		423D50E728FCAF8F00A57E41 /* PreviewProvider.swift in Sources */ = {isa = PBXBuildFile; fileRef = 423D50E628FCAF8F00A57E41 /* PreviewProvider.swift */; };
		423D50E928FD989300A57E41 /* Double.swift in Sources */ = {isa = PBXBuildFile; fileRef = 423D50E828FD989300A57E41 /* Double.swift */; };
		423D50EB28FDE9FA00A57E41 /* HomeViewModel.swift in Sources */ = {isa = PBXBuildFile; fileRef = 423D50EA28FDE9FA00A57E41 /* HomeViewModel.swift */; };
		423D50EE28FE032C00A57E41 /* CoinDataService.swift in Sources */ = {isa = PBXBuildFile; fileRef = 423D50ED28FE032C00A57E41 /* CoinDataService.swift */; };
		423D50F128FE0D7A00A57E41 /* Constans.swift in Sources */ = {isa = PBXBuildFile; fileRef = 423D50F028FE0D7A00A57E41 /* Constans.swift */; };
		423D50F32900083400A57E41 /* NetworkingManager.swift in Sources */ = {isa = PBXBuildFile; fileRef = 423D50F22900083400A57E41 /* NetworkingManager.swift */; };
		423D50F52900247100A57E41 /* CoinImageViewModel.swift in Sources */ = {isa = PBXBuildFile; fileRef = 423D50F42900247100A57E41 /* CoinImageViewModel.swift */; };
		423D50F8290024F200A57E41 /* CoinImage.swift in Sources */ = {isa = PBXBuildFile; fileRef = 423D50F7290024F200A57E41 /* CoinImage.swift */; };
		423D50FA2900317C00A57E41 /* CoinImageService.swift in Sources */ = {isa = PBXBuildFile; fileRef = 423D50F92900317C00A57E41 /* CoinImageService.swift */; };
		423D50FC2900478500A57E41 /* LocalFileManager.swift in Sources */ = {isa = PBXBuildFile; fileRef = 423D50FB2900478500A57E41 /* LocalFileManager.swift */; };
		423D50FF2900AE9700A57E41 /* SearchBar.swift in Sources */ = {isa = PBXBuildFile; fileRef = 423D50FE2900AE9700A57E41 /* SearchBar.swift */; };
		423D51012900B8B100A57E41 /* UIApplication.swift in Sources */ = {isa = PBXBuildFile; fileRef = 423D51002900B8B100A57E41 /* UIApplication.swift */; };
/* End PBXBuildFile section */

/* Begin PBXFileReference section */
		423D50BD28F7637900A57E41 /* Exchages.app */ = {isa = PBXFileReference; explicitFileType = wrapper.application; includeInIndex = 0; path = Exchages.app; sourceTree = BUILT_PRODUCTS_DIR; };
		423D50C028F7637900A57E41 /* ExchagesApp.swift */ = {isa = PBXFileReference; lastKnownFileType = sourcecode.swift; path = ExchagesApp.swift; sourceTree = "<group>"; };
		423D50C228F7637900A57E41 /* ContentView.swift */ = {isa = PBXFileReference; lastKnownFileType = sourcecode.swift; path = ContentView.swift; sourceTree = "<group>"; };
		423D50C728F7637B00A57E41 /* Preview Assets.xcassets */ = {isa = PBXFileReference; lastKnownFileType = folder.assetcatalog; path = "Preview Assets.xcassets"; sourceTree = "<group>"; };
		423D50CF28F763A800A57E41 /* Color.swift */ = {isa = PBXFileReference; lastKnownFileType = sourcecode.swift; path = Color.swift; sourceTree = "<group>"; };
		423D50D128F763DB00A57E41 /* Assets.xcassets */ = {isa = PBXFileReference; lastKnownFileType = folder.assetcatalog; name = Assets.xcassets; path = "../../../../Downloads/Resources 2/Assets.xcassets"; sourceTree = "<group>"; };
		423D50D728F8AE3600A57E41 /* HomeView.swift */ = {isa = PBXFileReference; lastKnownFileType = sourcecode.swift; path = HomeView.swift; sourceTree = "<group>"; };
		423D50DD28F8B60D00A57E41 /* CircleButtonAnimation.swift */ = {isa = PBXFileReference; lastKnownFileType = sourcecode.swift; path = CircleButtonAnimation.swift; sourceTree = "<group>"; };
		423D50DF28F8B74C00A57E41 /* CircleButton.swift */ = {isa = PBXFileReference; lastKnownFileType = sourcecode.swift; path = CircleButton.swift; sourceTree = "<group>"; };
		423D50E228FCA61A00A57E41 /* CoinModel.swift */ = {isa = PBXFileReference; lastKnownFileType = sourcecode.swift; path = CoinModel.swift; sourceTree = "<group>"; };
		423D50E428FCAEE600A57E41 /* CoinRowView.swift */ = {isa = PBXFileReference; lastKnownFileType = sourcecode.swift; path = CoinRowView.swift; sourceTree = "<group>"; };
		423D50E628FCAF8F00A57E41 /* PreviewProvider.swift */ = {isa = PBXFileReference; lastKnownFileType = sourcecode.swift; path = PreviewProvider.swift; sourceTree = "<group>"; };
		423D50E828FD989300A57E41 /* Double.swift */ = {isa = PBXFileReference; lastKnownFileType = sourcecode.swift; path = Double.swift; sourceTree = "<group>"; };
		423D50EA28FDE9FA00A57E41 /* HomeViewModel.swift */ = {isa = PBXFileReference; lastKnownFileType = sourcecode.swift; path = HomeViewModel.swift; sourceTree = "<group>"; };
		423D50ED28FE032C00A57E41 /* CoinDataService.swift */ = {isa = PBXFileReference; lastKnownFileType = sourcecode.swift; path = CoinDataService.swift; sourceTree = "<group>"; };
		423D50F028FE0D7A00A57E41 /* Constans.swift */ = {isa = PBXFileReference; lastKnownFileType = sourcecode.swift; path = Constans.swift; sourceTree = "<group>"; };
		423D50F22900083400A57E41 /* NetworkingManager.swift */ = {isa = PBXFileReference; lastKnownFileType = sourcecode.swift; path = NetworkingManager.swift; sourceTree = "<group>"; };
		423D50F42900247100A57E41 /* CoinImageViewModel.swift */ = {isa = PBXFileReference; lastKnownFileType = sourcecode.swift; path = CoinImageViewModel.swift; sourceTree = "<group>"; };
		423D50F7290024F200A57E41 /* CoinImage.swift */ = {isa = PBXFileReference; lastKnownFileType = sourcecode.swift; path = CoinImage.swift; sourceTree = "<group>"; };
		423D50F92900317C00A57E41 /* CoinImageService.swift */ = {isa = PBXFileReference; lastKnownFileType = sourcecode.swift; path = CoinImageService.swift; sourceTree = "<group>"; };
		423D50FB2900478500A57E41 /* LocalFileManager.swift */ = {isa = PBXFileReference; lastKnownFileType = sourcecode.swift; path = LocalFileManager.swift; sourceTree = "<group>"; };
		423D50FE2900AE9700A57E41 /* SearchBar.swift */ = {isa = PBXFileReference; lastKnownFileType = sourcecode.swift; path = SearchBar.swift; sourceTree = "<group>"; };
		423D51002900B8B100A57E41 /* UIApplication.swift */ = {isa = PBXFileReference; lastKnownFileType = sourcecode.swift; path = UIApplication.swift; sourceTree = "<group>"; };
/* End PBXFileReference section */

/* Begin PBXFrameworksBuildPhase section */
		423D50BA28F7637900A57E41 /* Frameworks */ = {
			isa = PBXFrameworksBuildPhase;
			buildActionMask = 2147483647;
			files = (
			);
			runOnlyForDeploymentPostprocessing = 0;
		};
/* End PBXFrameworksBuildPhase section */

/* Begin PBXGroup section */
		423D50B428F7637900A57E41 = {
			isa = PBXGroup;
			children = (
				423D50BF28F7637900A57E41 /* Exchages */,
				423D50BE28F7637900A57E41 /* Products */,
			);
			sourceTree = "<group>";
		};
		423D50BE28F7637900A57E41 /* Products */ = {
			isa = PBXGroup;
			children = (
				423D50BD28F7637900A57E41 /* Exchages.app */,
			);
			name = Products;
			sourceTree = "<group>";
		};
		423D50BF28F7637900A57E41 /* Exchages */ = {
			isa = PBXGroup;
			children = (
				423D50EF28FE0D6E00A57E41 /* Utils */,
				423D50CE28F7639D00A57E41 /* Extensions */,
				423D50EC28FE030500A57E41 /* Services */,
				423D50E128FCA60600A57E41 /* Models */,
				423D50D328F8ADB600A57E41 /* Core */,
				423D50C028F7637900A57E41 /* ExchagesApp.swift */,
				423D50C228F7637900A57E41 /* ContentView.swift */,
				423D50D128F763DB00A57E41 /* Assets.xcassets */,
				423D50C628F7637B00A57E41 /* Preview Content */,
			);
			path = Exchages;
			sourceTree = "<group>";
		};
		423D50C628F7637B00A57E41 /* Preview Content */ = {
			isa = PBXGroup;
			children = (
				423D50C728F7637B00A57E41 /* Preview Assets.xcassets */,
			);
			path = "Preview Content";
			sourceTree = "<group>";
		};
		423D50CE28F7639D00A57E41 /* Extensions */ = {
			isa = PBXGroup;
			children = (
				423D50CF28F763A800A57E41 /* Color.swift */,
				423D50E628FCAF8F00A57E41 /* PreviewProvider.swift */,
				423D50E828FD989300A57E41 /* Double.swift */,
				423D51002900B8B100A57E41 /* UIApplication.swift */,
			);
			path = Extensions;
			sourceTree = "<group>";
		};
		423D50D328F8ADB600A57E41 /* Core */ = {
			isa = PBXGroup;
			children = (
				423D50D928F8B04500A57E41 /* Components */,
				423D50D428F8ADBE00A57E41 /* Home */,
			);
			path = Core;
			sourceTree = "<group>";
		};
		423D50D428F8ADBE00A57E41 /* Home */ = {
			isa = PBXGroup;
			children = (
				423D50D628F8ADD400A57E41 /* ViewModels */,
				423D50D528F8ADCF00A57E41 /* Views */,
			);
			path = Home;
			sourceTree = "<group>";
		};
		423D50D528F8ADCF00A57E41 /* Views */ = {
			isa = PBXGroup;
			children = (
				423D50D728F8AE3600A57E41 /* HomeView.swift */,
				423D50E428FCAEE600A57E41 /* CoinRowView.swift */,
			);
			path = Views;
			sourceTree = "<group>";
		};
		423D50D628F8ADD400A57E41 /* ViewModels */ = {
			isa = PBXGroup;
			children = (
				423D50EA28FDE9FA00A57E41 /* HomeViewModel.swift */,
				423D50F42900247100A57E41 /* CoinImageViewModel.swift */,
			);
			path = ViewModels;
			sourceTree = "<group>";
		};
		423D50D928F8B04500A57E41 /* Components */ = {
			isa = PBXGroup;
			children = (
				423D50FD2900AE2600A57E41 /* SearchBar */,
				423D50F6290024D800A57E41 /* CoinImage */,
				423D50DC28F8B5FC00A57E41 /* CircleButton */,
			);
			path = Components;
			sourceTree = "<group>";
		};
		423D50DC28F8B5FC00A57E41 /* CircleButton */ = {
			isa = PBXGroup;
			children = (
				423D50DF28F8B74C00A57E41 /* CircleButton.swift */,
				423D50DD28F8B60D00A57E41 /* CircleButtonAnimation.swift */,
			);
			path = CircleButton;
			sourceTree = "<group>";
		};
		423D50E128FCA60600A57E41 /* Models */ = {
			isa = PBXGroup;
			children = (
				423D50E228FCA61A00A57E41 /* CoinModel.swift */,
			);
			path = Models;
			sourceTree = "<group>";
		};
		423D50EC28FE030500A57E41 /* Services */ = {
			isa = PBXGroup;
			children = (
				423D50ED28FE032C00A57E41 /* CoinDataService.swift */,
				423D50F92900317C00A57E41 /* CoinImageService.swift */,
			);
			path = Services;
			sourceTree = "<group>";
		};
		423D50EF28FE0D6E00A57E41 /* Utils */ = {
			isa = PBXGroup;
			children = (
				423D50F028FE0D7A00A57E41 /* Constans.swift */,
				423D50F22900083400A57E41 /* NetworkingManager.swift */,
				423D50FB2900478500A57E41 /* LocalFileManager.swift */,
			);
			path = Utils;
			sourceTree = "<group>";
		};
		423D50F6290024D800A57E41 /* CoinImage */ = {
			isa = PBXGroup;
			children = (
				423D50F7290024F200A57E41 /* CoinImage.swift */,
			);
			path = CoinImage;
			sourceTree = "<group>";
		};
		423D50FD2900AE2600A57E41 /* SearchBar */ = {
			isa = PBXGroup;
			children = (
				423D50FE2900AE9700A57E41 /* SearchBar.swift */,
			);
			path = SearchBar;
			sourceTree = "<group>";
		};
/* End PBXGroup section */

/* Begin PBXNativeTarget section */
		423D50BC28F7637900A57E41 /* Exchages */ = {
			isa = PBXNativeTarget;
			buildConfigurationList = 423D50CB28F7637B00A57E41 /* Build configuration list for PBXNativeTarget "Exchages" */;
			buildPhases = (
				423D50B928F7637900A57E41 /* Sources */,
				423D50BA28F7637900A57E41 /* Frameworks */,
				423D50BB28F7637900A57E41 /* Resources */,
			);
			buildRules = (
			);
			dependencies = (
			);
			name = Exchages;
			productName = Exchages;
			productReference = 423D50BD28F7637900A57E41 /* Exchages.app */;
			productType = "com.apple.product-type.application";
		};
/* End PBXNativeTarget section */

/* Begin PBXProject section */
		423D50B528F7637900A57E41 /* Project object */ = {
			isa = PBXProject;
			attributes = {
				BuildIndependentTargetsInParallel = 1;
				LastSwiftUpdateCheck = 1400;
				LastUpgradeCheck = 1400;
				TargetAttributes = {
					423D50BC28F7637900A57E41 = {
						CreatedOnToolsVersion = 14.0.1;
					};
				};
			};
			buildConfigurationList = 423D50B828F7637900A57E41 /* Build configuration list for PBXProject "Exchages" */;
			compatibilityVersion = "Xcode 14.0";
			developmentRegion = en;
			hasScannedForEncodings = 0;
			knownRegions = (
				en,
				Base,
			);
			mainGroup = 423D50B428F7637900A57E41;
			productRefGroup = 423D50BE28F7637900A57E41 /* Products */;
			projectDirPath = "";
			projectRoot = "";
			targets = (
				423D50BC28F7637900A57E41 /* Exchages */,
			);
		};
/* End PBXProject section */

/* Begin PBXResourcesBuildPhase section */
		423D50BB28F7637900A57E41 /* Resources */ = {
			isa = PBXResourcesBuildPhase;
			buildActionMask = 2147483647;
			files = (
				423D50C828F7637B00A57E41 /* Preview Assets.xcassets in Resources */,
				423D50D228F763DB00A57E41 /* Assets.xcassets in Resources */,
			);
			runOnlyForDeploymentPostprocessing = 0;
		};
/* End PBXResourcesBuildPhase section */

/* Begin PBXSourcesBuildPhase section */
		423D50B928F7637900A57E41 /* Sources */ = {
			isa = PBXSourcesBuildPhase;
			buildActionMask = 2147483647;
			files = (
				423D50F52900247100A57E41 /* CoinImageViewModel.swift in Sources */,
				423D50E528FCAEE600A57E41 /* CoinRowView.swift in Sources */,
				423D50EB28FDE9FA00A57E41 /* HomeViewModel.swift in Sources */,
				423D50E328FCA61A00A57E41 /* CoinModel.swift in Sources */,
				423D50C328F7637900A57E41 /* ContentView.swift in Sources */,
				423D50D828F8AE3600A57E41 /* HomeView.swift in Sources */,
				423D50F8290024F200A57E41 /* CoinImage.swift in Sources */,
				423D50FA2900317C00A57E41 /* CoinImageService.swift in Sources */,
				423D51012900B8B100A57E41 /* UIApplication.swift in Sources */,
				423D50C128F7637900A57E41 /* ExchagesApp.swift in Sources */,
				423D50F128FE0D7A00A57E41 /* Constans.swift in Sources */,
				423D50E028F8B74C00A57E41 /* CircleButton.swift in Sources */,
				423D50FC2900478500A57E41 /* LocalFileManager.swift in Sources */,
				423D50DE28F8B60D00A57E41 /* CircleButtonAnimation.swift in Sources */,
				423D50E728FCAF8F00A57E41 /* PreviewProvider.swift in Sources */,
				423D50E928FD989300A57E41 /* Double.swift in Sources */,
				423D50FF2900AE9700A57E41 /* SearchBar.swift in Sources */,
				423D50EE28FE032C00A57E41 /* CoinDataService.swift in Sources */,
				423D50D028F763A800A57E41 /* Color.swift in Sources */,
				423D50F32900083400A57E41 /* NetworkingManager.swift in Sources */,
			);
			runOnlyForDeploymentPostprocessing = 0;
		};
/* End PBXSourcesBuildPhase section */

/* Begin XCBuildConfiguration section */
		423D50C928F7637B00A57E41 /* Debug */ = {
			isa = XCBuildConfiguration;
			buildSettings = {
				ALWAYS_SEARCH_USER_PATHS = NO;
				CLANG_ANALYZER_NONNULL = YES;
				CLANG_ANALYZER_NUMBER_OBJECT_CONVERSION = YES_AGGRESSIVE;
				CLANG_CXX_LANGUAGE_STANDARD = "gnu++20";
				CLANG_ENABLE_MODULES = YES;
				CLANG_ENABLE_OBJC_ARC = YES;
				CLANG_ENABLE_OBJC_WEAK = YES;
				CLANG_WARN_BLOCK_CAPTURE_AUTORELEASING = YES;
				CLANG_WARN_BOOL_CONVERSION = YES;
				CLANG_WARN_COMMA = YES;
				CLANG_WARN_CONSTANT_CONVERSION = YES;
				CLANG_WARN_DEPRECATED_OBJC_IMPLEMENTATIONS = YES;
				CLANG_WARN_DIRECT_OBJC_ISA_USAGE = YES_ERROR;
				CLANG_WARN_DOCUMENTATION_COMMENTS = YES;
				CLANG_WARN_EMPTY_BODY = YES;
				CLANG_WARN_ENUM_CONVERSION = YES;
				CLANG_WARN_INFINITE_RECURSION = YES;
				CLANG_WARN_INT_CONVERSION = YES;
				CLANG_WARN_NON_LITERAL_NULL_CONVERSION = YES;
				CLANG_WARN_OBJC_IMPLICIT_RETAIN_SELF = YES;
				CLANG_WARN_OBJC_LITERAL_CONVERSION = YES;
				CLANG_WARN_OBJC_ROOT_CLASS = YES_ERROR;
				CLANG_WARN_QUOTED_INCLUDE_IN_FRAMEWORK_HEADER = YES;
				CLANG_WARN_RANGE_LOOP_ANALYSIS = YES;
				CLANG_WARN_STRICT_PROTOTYPES = YES;
				CLANG_WARN_SUSPICIOUS_MOVE = YES;
				CLANG_WARN_UNGUARDED_AVAILABILITY = YES_AGGRESSIVE;
				CLANG_WARN_UNREACHABLE_CODE = YES;
				CLANG_WARN__DUPLICATE_METHOD_MATCH = YES;
				COPY_PHASE_STRIP = NO;
				DEBUG_INFORMATION_FORMAT = dwarf;
				ENABLE_STRICT_OBJC_MSGSEND = YES;
				ENABLE_TESTABILITY = YES;
				GCC_C_LANGUAGE_STANDARD = gnu11;
				GCC_DYNAMIC_NO_PIC = NO;
				GCC_NO_COMMON_BLOCKS = YES;
				GCC_OPTIMIZATION_LEVEL = 0;
				GCC_PREPROCESSOR_DEFINITIONS = (
					"DEBUG=1",
					"$(inherited)",
				);
				GCC_WARN_64_TO_32_BIT_CONVERSION = YES;
				GCC_WARN_ABOUT_RETURN_TYPE = YES_ERROR;
				GCC_WARN_UNDECLARED_SELECTOR = YES;
				GCC_WARN_UNINITIALIZED_AUTOS = YES_AGGRESSIVE;
				GCC_WARN_UNUSED_FUNCTION = YES;
				GCC_WARN_UNUSED_VARIABLE = YES;
				IPHONEOS_DEPLOYMENT_TARGET = 16.0;
				MTL_ENABLE_DEBUG_INFO = INCLUDE_SOURCE;
				MTL_FAST_MATH = YES;
				ONLY_ACTIVE_ARCH = YES;
				SDKROOT = iphoneos;
				SWIFT_ACTIVE_COMPILATION_CONDITIONS = DEBUG;
				SWIFT_OPTIMIZATION_LEVEL = "-Onone";
			};
			name = Debug;
		};
		423D50CA28F7637B00A57E41 /* Release */ = {
			isa = XCBuildConfiguration;
			buildSettings = {
				ALWAYS_SEARCH_USER_PATHS = NO;
				CLANG_ANALYZER_NONNULL = YES;
				CLANG_ANALYZER_NUMBER_OBJECT_CONVERSION = YES_AGGRESSIVE;
				CLANG_CXX_LANGUAGE_STANDARD = "gnu++20";
				CLANG_ENABLE_MODULES = YES;
				CLANG_ENABLE_OBJC_ARC = YES;
				CLANG_ENABLE_OBJC_WEAK = YES;
				CLANG_WARN_BLOCK_CAPTURE_AUTORELEASING = YES;
				CLANG_WARN_BOOL_CONVERSION = YES;
				CLANG_WARN_COMMA = YES;
				CLANG_WARN_CONSTANT_CONVERSION = YES;
				CLANG_WARN_DEPRECATED_OBJC_IMPLEMENTATIONS = YES;
				CLANG_WARN_DIRECT_OBJC_ISA_USAGE = YES_ERROR;
				CLANG_WARN_DOCUMENTATION_COMMENTS = YES;
				CLANG_WARN_EMPTY_BODY = YES;
				CLANG_WARN_ENUM_CONVERSION = YES;
				CLANG_WARN_INFINITE_RECURSION = YES;
				CLANG_WARN_INT_CONVERSION = YES;
				CLANG_WARN_NON_LITERAL_NULL_CONVERSION = YES;
				CLANG_WARN_OBJC_IMPLICIT_RETAIN_SELF = YES;
				CLANG_WARN_OBJC_LITERAL_CONVERSION = YES;
				CLANG_WARN_OBJC_ROOT_CLASS = YES_ERROR;
				CLANG_WARN_QUOTED_INCLUDE_IN_FRAMEWORK_HEADER = YES;
				CLANG_WARN_RANGE_LOOP_ANALYSIS = YES;
				CLANG_WARN_STRICT_PROTOTYPES = YES;
				CLANG_WARN_SUSPICIOUS_MOVE = YES;
				CLANG_WARN_UNGUARDED_AVAILABILITY = YES_AGGRESSIVE;
				CLANG_WARN_UNREACHABLE_CODE = YES;
				CLANG_WARN__DUPLICATE_METHOD_MATCH = YES;
				COPY_PHASE_STRIP = NO;
				DEBUG_INFORMATION_FORMAT = "dwarf-with-dsym";
				ENABLE_NS_ASSERTIONS = NO;
				ENABLE_STRICT_OBJC_MSGSEND = YES;
				GCC_C_LANGUAGE_STANDARD = gnu11;
				GCC_NO_COMMON_BLOCKS = YES;
				GCC_WARN_64_TO_32_BIT_CONVERSION = YES;
				GCC_WARN_ABOUT_RETURN_TYPE = YES_ERROR;
				GCC_WARN_UNDECLARED_SELECTOR = YES;
				GCC_WARN_UNINITIALIZED_AUTOS = YES_AGGRESSIVE;
				GCC_WARN_UNUSED_FUNCTION = YES;
				GCC_WARN_UNUSED_VARIABLE = YES;
				IPHONEOS_DEPLOYMENT_TARGET = 16.0;
				MTL_ENABLE_DEBUG_INFO = NO;
				MTL_FAST_MATH = YES;
				SDKROOT = iphoneos;
				SWIFT_COMPILATION_MODE = wholemodule;
				SWIFT_OPTIMIZATION_LEVEL = "-O";
				VALIDATE_PRODUCT = YES;
			};
			name = Release;
		};
		423D50CC28F7637B00A57E41 /* Debug */ = {
			isa = XCBuildConfiguration;
			buildSettings = {
				ASSETCATALOG_COMPILER_APPICON_NAME = AppIcon;
				ASSETCATALOG_COMPILER_GLOBAL_ACCENT_COLOR_NAME = AccentColor;
				CODE_SIGN_STYLE = Automatic;
				CURRENT_PROJECT_VERSION = 1;
				DEVELOPMENT_ASSET_PATHS = "\"Exchages/Preview Content\"";
				DEVELOPMENT_TEAM = WRGH8XLUL2;
				ENABLE_PREVIEWS = YES;
				GENERATE_INFOPLIST_FILE = YES;
				INFOPLIST_KEY_UIApplicationSceneManifest_Generation = YES;
				INFOPLIST_KEY_UIApplicationSupportsIndirectInputEvents = YES;
				INFOPLIST_KEY_UILaunchScreen_Generation = YES;
				INFOPLIST_KEY_UISupportedInterfaceOrientations = UIInterfaceOrientationPortrait;
				LD_RUNPATH_SEARCH_PATHS = (
					"$(inherited)",
					"@executable_path/Frameworks",
				);
				MARKETING_VERSION = 1.0;
				PRODUCT_BUNDLE_IDENTIFIER = dariogallegos.Exchages;
				PRODUCT_NAME = "$(TARGET_NAME)";
				SWIFT_EMIT_LOC_STRINGS = YES;
				SWIFT_VERSION = 5.0;
				TARGETED_DEVICE_FAMILY = "1,2";
			};
			name = Debug;
		};
		423D50CD28F7637B00A57E41 /* Release */ = {
			isa = XCBuildConfiguration;
			buildSettings = {
				ASSETCATALOG_COMPILER_APPICON_NAME = AppIcon;
				ASSETCATALOG_COMPILER_GLOBAL_ACCENT_COLOR_NAME = AccentColor;
				CODE_SIGN_STYLE = Automatic;
				CURRENT_PROJECT_VERSION = 1;
				DEVELOPMENT_ASSET_PATHS = "\"Exchages/Preview Content\"";
				DEVELOPMENT_TEAM = WRGH8XLUL2;
				ENABLE_PREVIEWS = YES;
				GENERATE_INFOPLIST_FILE = YES;
				INFOPLIST_KEY_UIApplicationSceneManifest_Generation = YES;
				INFOPLIST_KEY_UIApplicationSupportsIndirectInputEvents = YES;
				INFOPLIST_KEY_UILaunchScreen_Generation = YES;
				INFOPLIST_KEY_UISupportedInterfaceOrientations = UIInterfaceOrientationPortrait;
				LD_RUNPATH_SEARCH_PATHS = (
					"$(inherited)",
					"@executable_path/Frameworks",
				);
				MARKETING_VERSION = 1.0;
				PRODUCT_BUNDLE_IDENTIFIER = dariogallegos.Exchages;
				PRODUCT_NAME = "$(TARGET_NAME)";
				SWIFT_EMIT_LOC_STRINGS = YES;
				SWIFT_VERSION = 5.0;
				TARGETED_DEVICE_FAMILY = "1,2";
			};
			name = Release;
		};
/* End XCBuildConfiguration section */

/* Begin XCConfigurationList section */
		423D50B828F7637900A57E41 /* Build configuration list for PBXProject "Exchages" */ = {
			isa = XCConfigurationList;
			buildConfigurations = (
				423D50C928F7637B00A57E41 /* Debug */,
				423D50CA28F7637B00A57E41 /* Release */,
			);
			defaultConfigurationIsVisible = 0;
			defaultConfigurationName = Release;
		};
		423D50CB28F7637B00A57E41 /* Build configuration list for PBXNativeTarget "Exchages" */ = {
			isa = XCConfigurationList;
			buildConfigurations = (
				423D50CC28F7637B00A57E41 /* Debug */,
				423D50CD28F7637B00A57E41 /* Release */,
			);
			defaultConfigurationIsVisible = 0;
			defaultConfigurationName = Release;
		};
/* End XCConfigurationList section */
	};
	rootObject = 423D50B528F7637900A57E41 /* Project object */;
}
